// !$*UTF8*$!
{
	archiveVersion = 1;
	classes = {
	};
	objectVersion = 55;
	objects = {

/* Begin PBXBuildFile section */
		6C29C06728E6D95E001688E2 /* data.json in Resources */ = {isa = PBXBuildFile; fileRef = 6C29C06628E6D95E001688E2 /* data.json */; };
		6C48D2142915211C005D1C30 /* CaptureSphere.rcproject in Sources */ = {isa = PBXBuildFile; fileRef = 6C31BF7029151EF8006331B3 /* CaptureSphere.rcproject */; };
		6C48D21629152158005D1C30 /* HummingBird.rcproject in Sources */ = {isa = PBXBuildFile; fileRef = 6C48D21529152154005D1C30 /* HummingBird.rcproject */; };
		6C8E683428E6D69500D84752 /* AppDelegate.swift in Sources */ = {isa = PBXBuildFile; fileRef = 6C8E683328E6D69500D84752 /* AppDelegate.swift */; };
		6C8E683628E6D69500D84752 /* ViewController.swift in Sources */ = {isa = PBXBuildFile; fileRef = 6C8E683528E6D69500D84752 /* ViewController.swift */; };
		6C8E683B28E6D69500D84752 /* Main.storyboard in Resources */ = {isa = PBXBuildFile; fileRef = 6C8E683928E6D69500D84752 /* Main.storyboard */; };
		6C8E683D28E6D69800D84752 /* Assets.xcassets in Resources */ = {isa = PBXBuildFile; fileRef = 6C8E683C28E6D69800D84752 /* Assets.xcassets */; };
		6C8E684028E6D69800D84752 /* LaunchScreen.storyboard in Resources */ = {isa = PBXBuildFile; fileRef = 6C8E683E28E6D69800D84752 /* LaunchScreen.storyboard */; };
		6C8E684A28E6D69800D84752 /* FlightPathTests.swift in Sources */ = {isa = PBXBuildFile; fileRef = 6C8E684928E6D69800D84752 /* FlightPathTests.swift */; };
		6C8E685428E6D69800D84752 /* FlightPathUITests.swift in Sources */ = {isa = PBXBuildFile; fileRef = 6C8E685328E6D69800D84752 /* FlightPathUITests.swift */; };
		6C8E685628E6D69800D84752 /* FlightPathUITestsLaunchTests.swift in Sources */ = {isa = PBXBuildFile; fileRef = 6C8E685528E6D69800D84752 /* FlightPathUITestsLaunchTests.swift */; };
		D4E23D1F2939A5DE00F7B359 /* GradientView.swift in Sources */ = {isa = PBXBuildFile; fileRef = D4E23D1E2939A5DE00F7B359 /* GradientView.swift */; };
		D4E23D212939A8AE00F7B359 /* NoteEntity.swift in Sources */ = {isa = PBXBuildFile; fileRef = D4E23D202939A8AE00F7B359 /* NoteEntity.swift */; };
		D4E23D232939AA1100F7B359 /* NoteView.swift in Sources */ = {isa = PBXBuildFile; fileRef = D4E23D222939AA1100F7B359 /* NoteView.swift */; };
		D4E23D252939AA9000F7B359 /* KeyBoardDismissButton.swift in Sources */ = {isa = PBXBuildFile; fileRef = D4E23D242939AA9000F7B359 /* KeyBoardDismissButton.swift */; };
		D4E23D272939AADD00F7B359 /* ScreenSpaceComponent.swift in Sources */ = {isa = PBXBuildFile; fileRef = D4E23D262939AADD00F7B359 /* ScreenSpaceComponent.swift */; };
		D4E23D292939AB4900F7B359 /* UIViewSuperView.swift in Sources */ = {isa = PBXBuildFile; fileRef = D4E23D282939AB4900F7B359 /* UIViewSuperView.swift */; };
/* End PBXBuildFile section */

/* Begin PBXContainerItemProxy section */
		6C8E684628E6D69800D84752 /* PBXContainerItemProxy */ = {
			isa = PBXContainerItemProxy;
			containerPortal = 6C8E682828E6D69500D84752 /* Project object */;
			proxyType = 1;
			remoteGlobalIDString = 6C8E682F28E6D69500D84752;
			remoteInfo = FlightPath;
		};
		6C8E685028E6D69800D84752 /* PBXContainerItemProxy */ = {
			isa = PBXContainerItemProxy;
			containerPortal = 6C8E682828E6D69500D84752 /* Project object */;
			proxyType = 1;
			remoteGlobalIDString = 6C8E682F28E6D69500D84752;
			remoteInfo = FlightPath;
		};
/* End PBXContainerItemProxy section */

/* Begin PBXFileReference section */
		6C29C06628E6D95E001688E2 /* data.json */ = {isa = PBXFileReference; fileEncoding = 4; lastKnownFileType = text.json; path = data.json; sourceTree = "<group>"; };
		6C31BF7029151EF8006331B3 /* CaptureSphere.rcproject */ = {isa = PBXFileReference; lastKnownFileType = file.rcproject; path = CaptureSphere.rcproject; sourceTree = "<group>"; };
		6C48D21529152154005D1C30 /* HummingBird.rcproject */ = {isa = PBXFileReference; lastKnownFileType = file.rcproject; path = HummingBird.rcproject; sourceTree = "<group>"; };
		6C8E683028E6D69500D84752 /* FlightPath.app */ = {isa = PBXFileReference; explicitFileType = wrapper.application; includeInIndex = 0; path = FlightPath.app; sourceTree = BUILT_PRODUCTS_DIR; };
		6C8E683328E6D69500D84752 /* AppDelegate.swift */ = {isa = PBXFileReference; lastKnownFileType = sourcecode.swift; path = AppDelegate.swift; sourceTree = "<group>"; };
		6C8E683528E6D69500D84752 /* ViewController.swift */ = {isa = PBXFileReference; lastKnownFileType = sourcecode.swift; path = ViewController.swift; sourceTree = "<group>"; };
		6C8E683A28E6D69500D84752 /* Base */ = {isa = PBXFileReference; lastKnownFileType = file.storyboard; name = Base; path = Base.lproj/Main.storyboard; sourceTree = "<group>"; };
		6C8E683C28E6D69800D84752 /* Assets.xcassets */ = {isa = PBXFileReference; lastKnownFileType = folder.assetcatalog; path = Assets.xcassets; sourceTree = "<group>"; };
		6C8E683F28E6D69800D84752 /* Base */ = {isa = PBXFileReference; lastKnownFileType = file.storyboard; name = Base; path = Base.lproj/LaunchScreen.storyboard; sourceTree = "<group>"; };
		6C8E684528E6D69800D84752 /* FlightPathTests.xctest */ = {isa = PBXFileReference; explicitFileType = wrapper.cfbundle; includeInIndex = 0; path = FlightPathTests.xctest; sourceTree = BUILT_PRODUCTS_DIR; };
		6C8E684928E6D69800D84752 /* FlightPathTests.swift */ = {isa = PBXFileReference; lastKnownFileType = sourcecode.swift; path = FlightPathTests.swift; sourceTree = "<group>"; };
		6C8E684F28E6D69800D84752 /* FlightPathUITests.xctest */ = {isa = PBXFileReference; explicitFileType = wrapper.cfbundle; includeInIndex = 0; path = FlightPathUITests.xctest; sourceTree = BUILT_PRODUCTS_DIR; };
		6C8E685328E6D69800D84752 /* FlightPathUITests.swift */ = {isa = PBXFileReference; lastKnownFileType = sourcecode.swift; path = FlightPathUITests.swift; sourceTree = "<group>"; };
		6C8E685528E6D69800D84752 /* FlightPathUITestsLaunchTests.swift */ = {isa = PBXFileReference; lastKnownFileType = sourcecode.swift; path = FlightPathUITestsLaunchTests.swift; sourceTree = "<group>"; };
		D429218F29C39AC60069A149 /* Device.rcproject */ = {isa = PBXFileReference; lastKnownFileType = file.rcproject; path = Device.rcproject; sourceTree = "<group>"; };
		D4E23D1E2939A5DE00F7B359 /* GradientView.swift */ = {isa = PBXFileReference; lastKnownFileType = sourcecode.swift; path = GradientView.swift; sourceTree = "<group>"; };
		D4E23D202939A8AE00F7B359 /* NoteEntity.swift */ = {isa = PBXFileReference; lastKnownFileType = sourcecode.swift; path = NoteEntity.swift; sourceTree = "<group>"; };
		D4E23D222939AA1100F7B359 /* NoteView.swift */ = {isa = PBXFileReference; lastKnownFileType = sourcecode.swift; path = NoteView.swift; sourceTree = "<group>"; };
		D4E23D242939AA9000F7B359 /* KeyBoardDismissButton.swift */ = {isa = PBXFileReference; lastKnownFileType = sourcecode.swift; path = KeyBoardDismissButton.swift; sourceTree = "<group>"; };
		D4E23D262939AADD00F7B359 /* ScreenSpaceComponent.swift */ = {isa = PBXFileReference; lastKnownFileType = sourcecode.swift; path = ScreenSpaceComponent.swift; sourceTree = "<group>"; };
		D4E23D282939AB4900F7B359 /* UIViewSuperView.swift */ = {isa = PBXFileReference; lastKnownFileType = sourcecode.swift; path = UIViewSuperView.swift; sourceTree = "<group>"; };
/* End PBXFileReference section */

/* Begin PBXFrameworksBuildPhase section */
		6C8E682D28E6D69500D84752 /* Frameworks */ = {
			isa = PBXFrameworksBuildPhase;
			buildActionMask = 2147483647;
			files = (
			);
			runOnlyForDeploymentPostprocessing = 0;
		};
		6C8E684228E6D69800D84752 /* Frameworks */ = {
			isa = PBXFrameworksBuildPhase;
			buildActionMask = 2147483647;
			files = (
			);
			runOnlyForDeploymentPostprocessing = 0;
		};
		6C8E684C28E6D69800D84752 /* Frameworks */ = {
			isa = PBXFrameworksBuildPhase;
			buildActionMask = 2147483647;
			files = (
			);
			runOnlyForDeploymentPostprocessing = 0;
		};
/* End PBXFrameworksBuildPhase section */

/* Begin PBXGroup section */
		6C8E682728E6D69500D84752 = {
			isa = PBXGroup;
			children = (
				6C8E683228E6D69500D84752 /* FlightPath */,
				6C8E684828E6D69800D84752 /* FlightPathTests */,
				6C8E685228E6D69800D84752 /* FlightPathUITests */,
				6C8E683128E6D69500D84752 /* Products */,
			);
			sourceTree = "<group>";
		};
		6C8E683128E6D69500D84752 /* Products */ = {
			isa = PBXGroup;
			children = (
				6C8E683028E6D69500D84752 /* FlightPath.app */,
				6C8E684528E6D69800D84752 /* FlightPathTests.xctest */,
				6C8E684F28E6D69800D84752 /* FlightPathUITests.xctest */,
			);
			name = Products;
			sourceTree = "<group>";
		};
		6C8E683228E6D69500D84752 /* FlightPath */ = {
			isa = PBXGroup;
			children = (
				6C8E683328E6D69500D84752 /* AppDelegate.swift */,
				6C8E683528E6D69500D84752 /* ViewController.swift */,
				D4E23D1E2939A5DE00F7B359 /* GradientView.swift */,
				D4E23D202939A8AE00F7B359 /* NoteEntity.swift */,
				D4E23D222939AA1100F7B359 /* NoteView.swift */,
				D4E23D242939AA9000F7B359 /* KeyBoardDismissButton.swift */,
				D4E23D262939AADD00F7B359 /* ScreenSpaceComponent.swift */,
				D4E23D282939AB4900F7B359 /* UIViewSuperView.swift */,
				6C31BF7029151EF8006331B3 /* CaptureSphere.rcproject */,
				6C8E683928E6D69500D84752 /* Main.storyboard */,
				6C8E683C28E6D69800D84752 /* Assets.xcassets */,
				6C8E683E28E6D69800D84752 /* LaunchScreen.storyboard */,
				6C29C06628E6D95E001688E2 /* data.json */,
				6C48D21529152154005D1C30 /* HummingBird.rcproject */,
				D429218F29C39AC60069A149 /* Device.rcproject */,
			);
			path = FlightPath;
			sourceTree = "<group>";
		};
		6C8E684828E6D69800D84752 /* FlightPathTests */ = {
			isa = PBXGroup;
			children = (
				6C8E684928E6D69800D84752 /* FlightPathTests.swift */,
			);
			path = FlightPathTests;
			sourceTree = "<group>";
		};
		6C8E685228E6D69800D84752 /* FlightPathUITests */ = {
			isa = PBXGroup;
			children = (
				6C8E685328E6D69800D84752 /* FlightPathUITests.swift */,
				6C8E685528E6D69800D84752 /* FlightPathUITestsLaunchTests.swift */,
			);
			path = FlightPathUITests;
			sourceTree = "<group>";
		};
/* End PBXGroup section */

/* Begin PBXNativeTarget section */
		6C8E682F28E6D69500D84752 /* FlightPath */ = {
			isa = PBXNativeTarget;
			buildConfigurationList = 6C8E685928E6D69800D84752 /* Build configuration list for PBXNativeTarget "FlightPath" */;
			buildPhases = (
				6C8E682C28E6D69500D84752 /* Sources */,
				6C8E682D28E6D69500D84752 /* Frameworks */,
				6C8E682E28E6D69500D84752 /* Resources */,
			);
			buildRules = (
			);
			dependencies = (
			);
			name = FlightPath;
			productName = FlightPath;
			productReference = 6C8E683028E6D69500D84752 /* FlightPath.app */;
			productType = "com.apple.product-type.application";
		};
		6C8E684428E6D69800D84752 /* FlightPathTests */ = {
			isa = PBXNativeTarget;
			buildConfigurationList = 6C8E685C28E6D69800D84752 /* Build configuration list for PBXNativeTarget "FlightPathTests" */;
			buildPhases = (
				6C8E684128E6D69800D84752 /* Sources */,
				6C8E684228E6D69800D84752 /* Frameworks */,
				6C8E684328E6D69800D84752 /* Resources */,
			);
			buildRules = (
			);
			dependencies = (
				6C8E684728E6D69800D84752 /* PBXTargetDependency */,
			);
			name = FlightPathTests;
			productName = FlightPathTests;
			productReference = 6C8E684528E6D69800D84752 /* FlightPathTests.xctest */;
			productType = "com.apple.product-type.bundle.unit-test";
		};
		6C8E684E28E6D69800D84752 /* FlightPathUITests */ = {
			isa = PBXNativeTarget;
			buildConfigurationList = 6C8E685F28E6D69800D84752 /* Build configuration list for PBXNativeTarget "FlightPathUITests" */;
			buildPhases = (
				6C8E684B28E6D69800D84752 /* Sources */,
				6C8E684C28E6D69800D84752 /* Frameworks */,
				6C8E684D28E6D69800D84752 /* Resources */,
			);
			buildRules = (
			);
			dependencies = (
				6C8E685128E6D69800D84752 /* PBXTargetDependency */,
			);
			name = FlightPathUITests;
			productName = FlightPathUITests;
			productReference = 6C8E684F28E6D69800D84752 /* FlightPathUITests.xctest */;
			productType = "com.apple.product-type.bundle.ui-testing";
		};
/* End PBXNativeTarget section */

/* Begin PBXProject section */
		6C8E682828E6D69500D84752 /* Project object */ = {
			isa = PBXProject;
			attributes = {
				BuildIndependentTargetsInParallel = 1;
				LastSwiftUpdateCheck = 1340;
				LastUpgradeCheck = 1340;
				TargetAttributes = {
					6C8E682F28E6D69500D84752 = {
						CreatedOnToolsVersion = 13.4.1;
					};
					6C8E684428E6D69800D84752 = {
						CreatedOnToolsVersion = 13.4.1;
						TestTargetID = 6C8E682F28E6D69500D84752;
					};
					6C8E684E28E6D69800D84752 = {
						CreatedOnToolsVersion = 13.4.1;
						TestTargetID = 6C8E682F28E6D69500D84752;
					};
				};
			};
			buildConfigurationList = 6C8E682B28E6D69500D84752 /* Build configuration list for PBXProject "FlightPath" */;
			compatibilityVersion = "Xcode 13.0";
			developmentRegion = en;
			hasScannedForEncodings = 0;
			knownRegions = (
				en,
				Base,
			);
			mainGroup = 6C8E682728E6D69500D84752;
			productRefGroup = 6C8E683128E6D69500D84752 /* Products */;
			projectDirPath = "";
			projectRoot = "";
			targets = (
				6C8E682F28E6D69500D84752 /* FlightPath */,
				6C8E684428E6D69800D84752 /* FlightPathTests */,
				6C8E684E28E6D69800D84752 /* FlightPathUITests */,
			);
		};
/* End PBXProject section */

/* Begin PBXResourcesBuildPhase section */
		6C8E682E28E6D69500D84752 /* Resources */ = {
			isa = PBXResourcesBuildPhase;
			buildActionMask = 2147483647;
			files = (
				6C8E684028E6D69800D84752 /* LaunchScreen.storyboard in Resources */,
				6C8E683D28E6D69800D84752 /* Assets.xcassets in Resources */,
				6C8E683B28E6D69500D84752 /* Main.storyboard in Resources */,
				6C29C06728E6D95E001688E2 /* data.json in Resources */,
			);
			runOnlyForDeploymentPostprocessing = 0;
		};
		6C8E684328E6D69800D84752 /* Resources */ = {
			isa = PBXResourcesBuildPhase;
			buildActionMask = 2147483647;
			files = (
			);
			runOnlyForDeploymentPostprocessing = 0;
		};
		6C8E684D28E6D69800D84752 /* Resources */ = {
			isa = PBXResourcesBuildPhase;
			buildActionMask = 2147483647;
			files = (
			);
			runOnlyForDeploymentPostprocessing = 0;
		};
/* End PBXResourcesBuildPhase section */

/* Begin PBXSourcesBuildPhase section */
		6C8E682C28E6D69500D84752 /* Sources */ = {
			isa = PBXSourcesBuildPhase;
			buildActionMask = 2147483647;
			files = (
				6C48D2142915211C005D1C30 /* CaptureSphere.rcproject in Sources */,
				6C48D21629152158005D1C30 /* HummingBird.rcproject in Sources */,
				D4E23D1F2939A5DE00F7B359 /* GradientView.swift in Sources */,
				6C8E683628E6D69500D84752 /* ViewController.swift in Sources */,
				D4E23D212939A8AE00F7B359 /* NoteEntity.swift in Sources */,
				D4E23D232939AA1100F7B359 /* NoteView.swift in Sources */,
				6C8E683428E6D69500D84752 /* AppDelegate.swift in Sources */,
				D4E23D272939AADD00F7B359 /* ScreenSpaceComponent.swift in Sources */,
				D4E23D252939AA9000F7B359 /* KeyBoardDismissButton.swift in Sources */,
				D4E23D292939AB4900F7B359 /* UIViewSuperView.swift in Sources */,
			);
			runOnlyForDeploymentPostprocessing = 0;
		};
		6C8E684128E6D69800D84752 /* Sources */ = {
			isa = PBXSourcesBuildPhase;
			buildActionMask = 2147483647;
			files = (
				6C8E684A28E6D69800D84752 /* FlightPathTests.swift in Sources */,
			);
			runOnlyForDeploymentPostprocessing = 0;
		};
		6C8E684B28E6D69800D84752 /* Sources */ = {
			isa = PBXSourcesBuildPhase;
			buildActionMask = 2147483647;
			files = (
				6C8E685428E6D69800D84752 /* FlightPathUITests.swift in Sources */,
				6C8E685628E6D69800D84752 /* FlightPathUITestsLaunchTests.swift in Sources */,
			);
			runOnlyForDeploymentPostprocessing = 0;
		};
/* End PBXSourcesBuildPhase section */

/* Begin PBXTargetDependency section */
		6C8E684728E6D69800D84752 /* PBXTargetDependency */ = {
			isa = PBXTargetDependency;
			target = 6C8E682F28E6D69500D84752 /* FlightPath */;
			targetProxy = 6C8E684628E6D69800D84752 /* PBXContainerItemProxy */;
		};
		6C8E685128E6D69800D84752 /* PBXTargetDependency */ = {
			isa = PBXTargetDependency;
			target = 6C8E682F28E6D69500D84752 /* FlightPath */;
			targetProxy = 6C8E685028E6D69800D84752 /* PBXContainerItemProxy */;
		};
/* End PBXTargetDependency section */

/* Begin PBXVariantGroup section */
		6C8E683928E6D69500D84752 /* Main.storyboard */ = {
			isa = PBXVariantGroup;
			children = (
				6C8E683A28E6D69500D84752 /* Base */,
			);
			name = Main.storyboard;
			sourceTree = "<group>";
		};
		6C8E683E28E6D69800D84752 /* LaunchScreen.storyboard */ = {
			isa = PBXVariantGroup;
			children = (
				6C8E683F28E6D69800D84752 /* Base */,
			);
			name = LaunchScreen.storyboard;
			sourceTree = "<group>";
		};
/* End PBXVariantGroup section */

/* Begin XCBuildConfiguration section */
		6C8E685728E6D69800D84752 /* Debug */ = {
			isa = XCBuildConfiguration;
			buildSettings = {
				ALWAYS_SEARCH_USER_PATHS = NO;
				CLANG_ANALYZER_NONNULL = YES;
				CLANG_ANALYZER_NUMBER_OBJECT_CONVERSION = YES_AGGRESSIVE;
				CLANG_CXX_LANGUAGE_STANDARD = "gnu++17";
				CLANG_ENABLE_MODULES = YES;
				CLANG_ENABLE_OBJC_ARC = YES;
				CLANG_ENABLE_OBJC_WEAK = YES;
				CLANG_WARN_BLOCK_CAPTURE_AUTORELEASING = YES;
				CLANG_WARN_BOOL_CONVERSION = YES;
				CLANG_WARN_COMMA = YES;
				CLANG_WARN_CONSTANT_CONVERSION = YES;
				CLANG_WARN_DEPRECATED_OBJC_IMPLEMENTATIONS = YES;
				CLANG_WARN_DIRECT_OBJC_ISA_USAGE = YES_ERROR;
				CLANG_WARN_DOCUMENTATION_COMMENTS = YES;
				CLANG_WARN_EMPTY_BODY = YES;
				CLANG_WARN_ENUM_CONVERSION = YES;
				CLANG_WARN_INFINITE_RECURSION = YES;
				CLANG_WARN_INT_CONVERSION = YES;
				CLANG_WARN_NON_LITERAL_NULL_CONVERSION = YES;
				CLANG_WARN_OBJC_IMPLICIT_RETAIN_SELF = YES;
				CLANG_WARN_OBJC_LITERAL_CONVERSION = YES;
				CLANG_WARN_OBJC_ROOT_CLASS = YES_ERROR;
				CLANG_WARN_QUOTED_INCLUDE_IN_FRAMEWORK_HEADER = YES;
				CLANG_WARN_RANGE_LOOP_ANALYSIS = YES;
				CLANG_WARN_STRICT_PROTOTYPES = YES;
				CLANG_WARN_SUSPICIOUS_MOVE = YES;
				CLANG_WARN_UNGUARDED_AVAILABILITY = YES_AGGRESSIVE;
				CLANG_WARN_UNREACHABLE_CODE = YES;
				CLANG_WARN__DUPLICATE_METHOD_MATCH = YES;
				COPY_PHASE_STRIP = NO;
				DEBUG_INFORMATION_FORMAT = dwarf;
				ENABLE_STRICT_OBJC_MSGSEND = YES;
				ENABLE_TESTABILITY = YES;
				GCC_C_LANGUAGE_STANDARD = gnu11;
				GCC_DYNAMIC_NO_PIC = NO;
				GCC_NO_COMMON_BLOCKS = YES;
				GCC_OPTIMIZATION_LEVEL = 0;
				GCC_PREPROCESSOR_DEFINITIONS = (
					"DEBUG=1",
					"$(inherited)",
				);
				GCC_WARN_64_TO_32_BIT_CONVERSION = YES;
				GCC_WARN_ABOUT_RETURN_TYPE = YES_ERROR;
				GCC_WARN_UNDECLARED_SELECTOR = YES;
				GCC_WARN_UNINITIALIZED_AUTOS = YES_AGGRESSIVE;
				GCC_WARN_UNUSED_FUNCTION = YES;
				GCC_WARN_UNUSED_VARIABLE = YES;
				IPHONEOS_DEPLOYMENT_TARGET = 15.5;
				MTL_ENABLE_DEBUG_INFO = INCLUDE_SOURCE;
				MTL_FAST_MATH = YES;
				ONLY_ACTIVE_ARCH = YES;
				SDKROOT = iphoneos;
				SWIFT_ACTIVE_COMPILATION_CONDITIONS = DEBUG;
				SWIFT_OPTIMIZATION_LEVEL = "-Onone";
			};
			name = Debug;
		};
		6C8E685828E6D69800D84752 /* Release */ = {
			isa = XCBuildConfiguration;
			buildSettings = {
				ALWAYS_SEARCH_USER_PATHS = NO;
				CLANG_ANALYZER_NONNULL = YES;
				CLANG_ANALYZER_NUMBER_OBJECT_CONVERSION = YES_AGGRESSIVE;
				CLANG_CXX_LANGUAGE_STANDARD = "gnu++17";
				CLANG_ENABLE_MODULES = YES;
				CLANG_ENABLE_OBJC_ARC = YES;
				CLANG_ENABLE_OBJC_WEAK = YES;
				CLANG_WARN_BLOCK_CAPTURE_AUTORELEASING = YES;
				CLANG_WARN_BOOL_CONVERSION = YES;
				CLANG_WARN_COMMA = YES;
				CLANG_WARN_CONSTANT_CONVERSION = YES;
				CLANG_WARN_DEPRECATED_OBJC_IMPLEMENTATIONS = YES;
				CLANG_WARN_DIRECT_OBJC_ISA_USAGE = YES_ERROR;
				CLANG_WARN_DOCUMENTATION_COMMENTS = YES;
				CLANG_WARN_EMPTY_BODY = YES;
				CLANG_WARN_ENUM_CONVERSION = YES;
				CLANG_WARN_INFINITE_RECURSION = YES;
				CLANG_WARN_INT_CONVERSION = YES;
				CLANG_WARN_NON_LITERAL_NULL_CONVERSION = YES;
				CLANG_WARN_OBJC_IMPLICIT_RETAIN_SELF = YES;
				CLANG_WARN_OBJC_LITERAL_CONVERSION = YES;
				CLANG_WARN_OBJC_ROOT_CLASS = YES_ERROR;
				CLANG_WARN_QUOTED_INCLUDE_IN_FRAMEWORK_HEADER = YES;
				CLANG_WARN_RANGE_LOOP_ANALYSIS = YES;
				CLANG_WARN_STRICT_PROTOTYPES = YES;
				CLANG_WARN_SUSPICIOUS_MOVE = YES;
				CLANG_WARN_UNGUARDED_AVAILABILITY = YES_AGGRESSIVE;
				CLANG_WARN_UNREACHABLE_CODE = YES;
				CLANG_WARN__DUPLICATE_METHOD_MATCH = YES;
				COPY_PHASE_STRIP = NO;
				DEBUG_INFORMATION_FORMAT = "dwarf-with-dsym";
				ENABLE_NS_ASSERTIONS = NO;
				ENABLE_STRICT_OBJC_MSGSEND = YES;
				GCC_C_LANGUAGE_STANDARD = gnu11;
				GCC_NO_COMMON_BLOCKS = YES;
				GCC_WARN_64_TO_32_BIT_CONVERSION = YES;
				GCC_WARN_ABOUT_RETURN_TYPE = YES_ERROR;
				GCC_WARN_UNDECLARED_SELECTOR = YES;
				GCC_WARN_UNINITIALIZED_AUTOS = YES_AGGRESSIVE;
				GCC_WARN_UNUSED_FUNCTION = YES;
				GCC_WARN_UNUSED_VARIABLE = YES;
				IPHONEOS_DEPLOYMENT_TARGET = 15.5;
				MTL_ENABLE_DEBUG_INFO = NO;
				MTL_FAST_MATH = YES;
				SDKROOT = iphoneos;
				SWIFT_COMPILATION_MODE = wholemodule;
				SWIFT_OPTIMIZATION_LEVEL = "-O";
				VALIDATE_PRODUCT = YES;
			};
			name = Release;
		};
		6C8E685A28E6D69800D84752 /* Debug */ = {
			isa = XCBuildConfiguration;
			buildSettings = {
				ASSETCATALOG_COMPILER_APPICON_NAME = AppIcon;
				ASSETCATALOG_COMPILER_GLOBAL_ACCENT_COLOR_NAME = AccentColor;
				CODE_SIGN_IDENTITY = "Apple Development";
				CODE_SIGN_STYLE = Automatic;
				CURRENT_PROJECT_VERSION = 1;
				DEVELOPMENT_TEAM = 4R47PD9WT9;
				GENERATE_INFOPLIST_FILE = YES;
				INFOPLIST_KEY_NSCameraUsageDescription = "";
				INFOPLIST_KEY_UIApplicationSupportsIndirectInputEvents = YES;
				INFOPLIST_KEY_UILaunchStoryboardName = LaunchScreen;
				INFOPLIST_KEY_UIMainStoryboardFile = Main;
				INFOPLIST_KEY_UIRequiredDeviceCapabilities = arkit;
				INFOPLIST_KEY_UIStatusBarHidden = YES;
				INFOPLIST_KEY_UISupportedInterfaceOrientations_iPad = "UIInterfaceOrientationPortrait UIInterfaceOrientationPortraitUpsideDown UIInterfaceOrientationLandscapeLeft UIInterfaceOrientationLandscapeRight";
				INFOPLIST_KEY_UISupportedInterfaceOrientations_iPhone = "UIInterfaceOrientationPortrait UIInterfaceOrientationLandscapeLeft UIInterfaceOrientationLandscapeRight";
				LD_RUNPATH_SEARCH_PATHS = (
					"$(inherited)",
					"@executable_path/Frameworks",
				);
				MARKETING_VERSION = 1.0;
				PRODUCT_BUNDLE_IDENTIFIER = com.jaelly.FlightPath2;
				PRODUCT_NAME = "$(TARGET_NAME)";
				PROVISIONING_PROFILE_SPECIFIER = "";
				SWIFT_EMIT_LOC_STRINGS = YES;
				SWIFT_VERSION = 5.0;
				TARGETED_DEVICE_FAMILY = "1,2";
			};
			name = Debug;
		};
		6C8E685B28E6D69800D84752 /* Release */ = {
			isa = XCBuildConfiguration;
			buildSettings = {
				ASSETCATALOG_COMPILER_APPICON_NAME = AppIcon;
				ASSETCATALOG_COMPILER_GLOBAL_ACCENT_COLOR_NAME = AccentColor;
				CODE_SIGN_IDENTITY = "Apple Development";
				CODE_SIGN_STYLE = Automatic;
				CURRENT_PROJECT_VERSION = 1;
				DEVELOPMENT_TEAM = 4R47PD9WT9;
				GENERATE_INFOPLIST_FILE = YES;
				INFOPLIST_KEY_NSCameraUsageDescription = "";
				INFOPLIST_KEY_UIApplicationSupportsIndirectInputEvents = YES;
				INFOPLIST_KEY_UILaunchStoryboardName = LaunchScreen;
				INFOPLIST_KEY_UIMainStoryboardFile = Main;
				INFOPLIST_KEY_UIRequiredDeviceCapabilities = arkit;
				INFOPLIST_KEY_UIStatusBarHidden = YES;
				INFOPLIST_KEY_UISupportedInterfaceOrientations_iPad = "UIInterfaceOrientationPortrait UIInterfaceOrientationPortraitUpsideDown UIInterfaceOrientationLandscapeLeft UIInterfaceOrientationLandscapeRight";
				INFOPLIST_KEY_UISupportedInterfaceOrientations_iPhone = "UIInterfaceOrientationPortrait UIInterfaceOrientationLandscapeLeft UIInterfaceOrientationLandscapeRight";
				LD_RUNPATH_SEARCH_PATHS = (
					"$(inherited)",
					"@executable_path/Frameworks",
				);
				MARKETING_VERSION = 1.0;
				PRODUCT_BUNDLE_IDENTIFIER = com.jaelly.FlightPath2;
				PRODUCT_NAME = "$(TARGET_NAME)";
				PROVISIONING_PROFILE_SPECIFIER = "";
				SWIFT_EMIT_LOC_STRINGS = YES;
				SWIFT_VERSION = 5.0;
				TARGETED_DEVICE_FAMILY = "1,2";
			};
			name = Release;
		};
		6C8E685D28E6D69800D84752 /* Debug */ = {
			isa = XCBuildConfiguration;
			buildSettings = {
				ALWAYS_EMBED_SWIFT_STANDARD_LIBRARIES = YES;
				BUNDLE_LOADER = "$(TEST_HOST)";
				CODE_SIGN_STYLE = Automatic;
				CURRENT_PROJECT_VERSION = 1;
				DEVELOPMENT_TEAM = P3H6X727CU;
				GENERATE_INFOPLIST_FILE = YES;
				IPHONEOS_DEPLOYMENT_TARGET = 15.5;
				MARKETING_VERSION = 1.0;
				PRODUCT_BUNDLE_IDENTIFIER = com.jaelly.FlightPathTests;
				PRODUCT_NAME = "$(TARGET_NAME)";
				SWIFT_EMIT_LOC_STRINGS = NO;
				SWIFT_VERSION = 5.0;
				TARGETED_DEVICE_FAMILY = "1,2";
				TEST_HOST = "$(BUILT_PRODUCTS_DIR)/FlightPath.app/FlightPath";
			};
			name = Debug;
		};
		6C8E685E28E6D69800D84752 /* Release */ = {
			isa = XCBuildConfiguration;
			buildSettings = {
				ALWAYS_EMBED_SWIFT_STANDARD_LIBRARIES = YES;
				BUNDLE_LOADER = "$(TEST_HOST)";
				CODE_SIGN_STYLE = Automatic;
				CURRENT_PROJECT_VERSION = 1;
				DEVELOPMENT_TEAM = P3H6X727CU;
				GENERATE_INFOPLIST_FILE = YES;
				IPHONEOS_DEPLOYMENT_TARGET = 15.5;
				MARKETING_VERSION = 1.0;
				PRODUCT_BUNDLE_IDENTIFIER = com.jaelly.FlightPathTests;
				PRODUCT_NAME = "$(TARGET_NAME)";
				SWIFT_EMIT_LOC_STRINGS = NO;
				SWIFT_VERSION = 5.0;
				TARGETED_DEVICE_FAMILY = "1,2";
				TEST_HOST = "$(BUILT_PRODUCTS_DIR)/FlightPath.app/FlightPath";
			};
			name = Release;
		};
		6C8E686028E6D69800D84752 /* Debug */ = {
			isa = XCBuildConfiguration;
			buildSettings = {
				ALWAYS_EMBED_SWIFT_STANDARD_LIBRARIES = YES;
				CODE_SIGN_STYLE = Automatic;
				CURRENT_PROJECT_VERSION = 1;
				DEVELOPMENT_TEAM = P3H6X727CU;
				GENERATE_INFOPLIST_FILE = YES;
				MARKETING_VERSION = 1.0;
				PRODUCT_BUNDLE_IDENTIFIER = com.jaelly.FlightPathUITests;
				PRODUCT_NAME = "$(TARGET_NAME)";
				SWIFT_EMIT_LOC_STRINGS = NO;
				SWIFT_VERSION = 5.0;
				TARGETED_DEVICE_FAMILY = "1,2";
				TEST_TARGET_NAME = FlightPath;
			};
			name = Debug;
		};
		6C8E686128E6D69800D84752 /* Release */ = {
			isa = XCBuildConfiguration;
			buildSettings = {
				ALWAYS_EMBED_SWIFT_STANDARD_LIBRARIES = YES;
				CODE_SIGN_STYLE = Automatic;
				CURRENT_PROJECT_VERSION = 1;
				DEVELOPMENT_TEAM = P3H6X727CU;
				GENERATE_INFOPLIST_FILE = YES;
				MARKETING_VERSION = 1.0;
				PRODUCT_BUNDLE_IDENTIFIER = com.jaelly.FlightPathUITests;
				PRODUCT_NAME = "$(TARGET_NAME)";
				SWIFT_EMIT_LOC_STRINGS = NO;
				SWIFT_VERSION = 5.0;
				TARGETED_DEVICE_FAMILY = "1,2";
				TEST_TARGET_NAME = FlightPath;
			};
			name = Release;
		};
/* End XCBuildConfiguration section */

/* Begin XCConfigurationList section */
		6C8E682B28E6D69500D84752 /* Build configuration list for PBXProject "FlightPath" */ = {
			isa = XCConfigurationList;
			buildConfigurations = (
				6C8E685728E6D69800D84752 /* Debug */,
				6C8E685828E6D69800D84752 /* Release */,
			);
			defaultConfigurationIsVisible = 0;
			defaultConfigurationName = Release;
		};
		6C8E685928E6D69800D84752 /* Build configuration list for PBXNativeTarget "FlightPath" */ = {
			isa = XCConfigurationList;
			buildConfigurations = (
				6C8E685A28E6D69800D84752 /* Debug */,
				6C8E685B28E6D69800D84752 /* Release */,
			);
			defaultConfigurationIsVisible = 0;
			defaultConfigurationName = Release;
		};
		6C8E685C28E6D69800D84752 /* Build configuration list for PBXNativeTarget "FlightPathTests" */ = {
			isa = XCConfigurationList;
			buildConfigurations = (
				6C8E685D28E6D69800D84752 /* Debug */,
				6C8E685E28E6D69800D84752 /* Release */,
			);
			defaultConfigurationIsVisible = 0;
			defaultConfigurationName = Release;
		};
		6C8E685F28E6D69800D84752 /* Build configuration list for PBXNativeTarget "FlightPathUITests" */ = {
			isa = XCConfigurationList;
			buildConfigurations = (
				6C8E686028E6D69800D84752 /* Debug */,
				6C8E686128E6D69800D84752 /* Release */,
			);
			defaultConfigurationIsVisible = 0;
			defaultConfigurationName = Release;
		};
/* End XCConfigurationList section */
	};
	rootObject = 6C8E682828E6D69500D84752 /* Project object */;
}
